schema: '2.0'
stages:
  data_ingesting:
    cmd: python src/data_ingesting.py
    deps:
    - path: src/data_ingesting.py
      hash: md5
      md5: acb2a825a180644a50bbf4cba7f03f41
      size: 3645
    params:
      params.yaml:
        data_ingesting.test_size: 0.3
    outs:
    - path: data/raw
      hash: md5
      md5: d26befd2dda9438254177d9000d9ba1f.dir
      size: 484846
      nfiles: 2
  data_preprocessing:
    cmd: python src/data_preprocessing.py
    deps:
    - path: data/raw
      hash: md5
      md5: d26befd2dda9438254177d9000d9ba1f.dir
      size: 484846
      nfiles: 2
    - path: src/data_preprocessing.py
      hash: md5
      md5: 3593a13d3b055e6f2d796e32c9c9545d
      size: 4058
    outs:
    - path: data/processed
      hash: md5
      md5: 61ca13b2e20854a1f7bacbbcfeca409e.dir
      size: 262513
      nfiles: 2
  feature_engineering:
    cmd: python src/feature_engineering.py
    deps:
    - path: data/processed
      hash: md5
      md5: 61ca13b2e20854a1f7bacbbcfeca409e.dir
      size: 262513
      nfiles: 2
    - path: src/feature_engineering.py
      hash: md5
      md5: d7e966964281c990ad1262afb1fc550e
      size: 3923
    params:
      params.yaml:
        feature_engineering.max_feature: 45
    outs:
    - path: data/full_processed
      hash: md5
      md5: f9a2073e31e230fe88ec836c0c6fa216.dir
      size: 1073352
      nfiles: 2
  model_building:
    cmd: python src/model_building.py
    deps:
    - path: data/full_processed
      hash: md5
      md5: f9a2073e31e230fe88ec836c0c6fa216.dir
      size: 1073352
      nfiles: 2
    - path: src/model_building.py
      hash: md5
      md5: ee0c9fa962c8ff70eab340a77caada5e
      size: 4456
    params:
      params.yaml:
        model_building.n_estimators: 27
        model_building.random_state: 3
    outs:
    - path: models/model.pkl
      hash: md5
      md5: f3774af7a302cbe7379a15f44607bd00
      size: 942278
  model_evaluation:
    cmd: python src/model_evaluation.py
    deps:
    - path: models/model.pkl
      hash: md5
      md5: f3774af7a302cbe7379a15f44607bd00
      size: 942278
    - path: src/model_evaluation.py
      hash: md5
      md5: 21bed92d0a61ad3ebafefe6c28f0e2f2
      size: 4638
    outs:
    - path: reports/metrics.json
      hash: md5
      md5: 1f350c8e96a24162b7fcdfb0cefb5a72
      size: 144
